
Microsoft Visual Studio Solution File, Format Version 12.00
# Visual Studio Version 17
VisualStudioVersion = 17.14.37710.0 d17.14
MinimumVisualStudioVersion = 10.0.40219.1
Project("{FAE04EC0-301F-11D3-BF4B-00C04F79EFBC}") = "SistemaEducativo", "SistemaEducativo\SistemaEducativo.csproj", "{0CFB02DD-D5A8-47B9-B16A-42070BF40338}"
EndProject
Global
	GlobalSection(SolutionConfigurationPlatforms) = preSolution
		Debug|Any CPU = Debug|Any CPU
		Release|Any CPU = Release|Any CPU
	EndGlobalSection
	GlobalSection(ProjectConfigurationPlatforms) = postSolution
		{0CFB02DD-D5A8-47B9-B16A-42070BF40338}.Debug|Any CPU.ActiveCfg = Debug|Any CPU
		{0CFB02DD-D5A8-47B9-B16A-42070BF40338}.Debug|Any CPU.Build.0 = Debug|Any CPU
		{0CFB02DD-D5A8-47B9-B16A-42070BF40338}.Release|Any CPU.ActiveCfg = Release|Any CPU
		{0CFB02DD-D5A8-47B9-B16A-42070BF40338}.Release|Any CPU.Build.0 = Release|Any CPU
	EndGlobalSection
	GlobalSection(SolutionProperties) = preSolution
		HideSolutionNode = FALSE
	EndGlobalSection
	GlobalSection(ExtensibilityGlobals) = postSolution
		SolutionGuid = {7ADEE568-5F2B-4173-9124-B0B7112CD32A}
	EndGlobalSection
EndGlobal
